
Microsoft Visual Studio Solution File, Format Version 12.00
# Visual Studio Version 17
VisualStudioVersion = 17.5.33502.453
MinimumVisualStudioVersion = 10.0.40219.1
Project("{8BC9CEB8-8B4A-11D0-8D11-00A0C91BC942}") = "mbrStatixk", "mbrStatixk\mbrStatixk.vcxproj", "{6D959512-453D-4BE9-B9BD-96D1C95892A5}"
EndProject
Project("{8BC9CEB8-8B4A-11D0-8D11-00A0C91BC942}") = "Destruktor", "Destruktor\Destruktor.vcxproj", "{2193F53B-6837-4559-B50E-04A76E73162A}"
EndProject
Project("{8BC9CEB8-8B4A-11D0-8D11-00A0C91BC942}") = "chainfunction", "chainfunction\chainfunction.vcxproj", "{F95771C2-05A7-471B-8D4E-43B55F806097}"
EndProject
Project("{8BC9CEB8-8B4A-11D0-8D11-00A0C91BC942}") = "konstruktor", "konstruktor\konstruktor.vcxproj", "{FB820D02-21C8-4FC8-B3FD-873DC18FE501}"
EndProject
Global
	GlobalSection(SolutionConfigurationPlatforms) = preSolution
		Debug|x64 = Debug|x64
		Debug|x86 = Debug|x86
		Release|x64 = Release|x64
		Release|x86 = Release|x86
	EndGlobalSection
	GlobalSection(ProjectConfigurationPlatforms) = postSolution
		{6D959512-453D-4BE9-B9BD-96D1C95892A5}.Debug|x64.ActiveCfg = Debug|x64
		{6D959512-453D-4BE9-B9BD-96D1C95892A5}.Debug|x64.Build.0 = Debug|x64
		{6D959512-453D-4BE9-B9BD-96D1C95892A5}.Debug|x86.ActiveCfg = Debug|Win32
		{6D959512-453D-4BE9-B9BD-96D1C95892A5}.Debug|x86.Build.0 = Debug|Win32
		{6D959512-453D-4BE9-B9BD-96D1C95892A5}.Release|x64.ActiveCfg = Release|x64
		{6D959512-453D-4BE9-B9BD-96D1C95892A5}.Release|x64.Build.0 = Release|x64
		{6D959512-453D-4BE9-B9BD-96D1C95892A5}.Release|x86.ActiveCfg = Release|Win32
		{6D959512-453D-4BE9-B9BD-96D1C95892A5}.Release|x86.Build.0 = Release|Win32
		{2193F53B-6837-4559-B50E-04A76E73162A}.Debug|x64.ActiveCfg = Debug|x64
		{2193F53B-6837-4559-B50E-04A76E73162A}.Debug|x64.Build.0 = Debug|x64
		{2193F53B-6837-4559-B50E-04A76E73162A}.Debug|x86.ActiveCfg = Debug|Win32
		{2193F53B-6837-4559-B50E-04A76E73162A}.Debug|x86.Build.0 = Debug|Win32
		{2193F53B-6837-4559-B50E-04A76E73162A}.Release|x64.ActiveCfg = Release|x64
		{2193F53B-6837-4559-B50E-04A76E73162A}.Release|x64.Build.0 = Release|x64
		{2193F53B-6837-4559-B50E-04A76E73162A}.Release|x86.ActiveCfg = Release|Win32
		{2193F53B-6837-4559-B50E-04A76E73162A}.Release|x86.Build.0 = Release|Win32
		{F95771C2-05A7-471B-8D4E-43B55F806097}.Debug|x64.ActiveCfg = Debug|x64
		{F95771C2-05A7-471B-8D4E-43B55F806097}.Debug|x64.Build.0 = Debug|x64
		{F95771C2-05A7-471B-8D4E-43B55F806097}.Debug|x86.ActiveCfg = Debug|Win32
		{F95771C2-05A7-471B-8D4E-43B55F806097}.Debug|x86.Build.0 = Debug|Win32
		{F95771C2-05A7-471B-8D4E-43B55F806097}.Release|x64.ActiveCfg = Release|x64
		{F95771C2-05A7-471B-8D4E-43B55F806097}.Release|x64.Build.0 = Release|x64
		{F95771C2-05A7-471B-8D4E-43B55F806097}.Release|x86.ActiveCfg = Release|Win32
		{F95771C2-05A7-471B-8D4E-43B55F806097}.Release|x86.Build.0 = Release|Win32
		{FB820D02-21C8-4FC8-B3FD-873DC18FE501}.Debug|x64.ActiveCfg = Debug|x64
		{FB820D02-21C8-4FC8-B3FD-873DC18FE501}.Debug|x64.Build.0 = Debug|x64
		{FB820D02-21C8-4FC8-B3FD-873DC18FE501}.Debug|x86.ActiveCfg = Debug|Win32
		{FB820D02-21C8-4FC8-B3FD-873DC18FE501}.Debug|x86.Build.0 = Debug|Win32
		{FB820D02-21C8-4FC8-B3FD-873DC18FE501}.Release|x64.ActiveCfg = Release|x64
		{FB820D02-21C8-4FC8-B3FD-873DC18FE501}.Release|x64.Build.0 = Release|x64
		{FB820D02-21C8-4FC8-B3FD-873DC18FE501}.Release|x86.ActiveCfg = Release|Win32
		{FB820D02-21C8-4FC8-B3FD-873DC18FE501}.Release|x86.Build.0 = Release|Win32
	EndGlobalSection
	GlobalSection(SolutionProperties) = preSolution
		HideSolutionNode = FALSE
	EndGlobalSection
	GlobalSection(ExtensibilityGlobals) = postSolution
		SolutionGuid = {350532B8-BA6A-4B63-ADC9-3A24EA705456}
	EndGlobalSection
EndGlobal
